
Microsoft Visual Studio Solution File, Format Version 12.00
# Visual Studio 2015
Project("{FAE04EC0-301F-11D3-BF4B-00C04F79EFBC}") = "Assetbundle", "Assetbundle.csproj", "{C024AF71-68EA-99A3-7181-706BECDF6BB9}"
EndProject
Project("{FAE04EC0-301F-11D3-BF4B-00C04F79EFBC}") = "Assetbundle.Editor", "Assetbundle.Editor.csproj", "{086A7FC0-2F50-7D44-B9C9-69CE97E2AC41}"
EndProject
Global
	GlobalSection(SolutionConfigurationPlatforms) = preSolution
		Debug|Any CPU = Debug|Any CPU
		Release|Any CPU = Release|Any CPU
	EndGlobalSection
	GlobalSection(ProjectConfigurationPlatforms) = postSolution
		{C024AF71-68EA-99A3-7181-706BECDF6BB9}.Debug|Any CPU.ActiveCfg = Debug|Any CPU
		{C024AF71-68EA-99A3-7181-706BECDF6BB9}.Debug|Any CPU.Build.0 = Debug|Any CPU
		{C024AF71-68EA-99A3-7181-706BECDF6BB9}.Release|Any CPU.ActiveCfg = Release|Any CPU
		{C024AF71-68EA-99A3-7181-706BECDF6BB9}.Release|Any CPU.Build.0 = Release|Any CPU
		{086A7FC0-2F50-7D44-B9C9-69CE97E2AC41}.Debug|Any CPU.ActiveCfg = Debug|Any CPU
		{086A7FC0-2F50-7D44-B9C9-69CE97E2AC41}.Debug|Any CPU.Build.0 = Debug|Any CPU
		{086A7FC0-2F50-7D44-B9C9-69CE97E2AC41}.Release|Any CPU.ActiveCfg = Release|Any CPU
		{086A7FC0-2F50-7D44-B9C9-69CE97E2AC41}.Release|Any CPU.Build.0 = Release|Any CPU
	EndGlobalSection
	GlobalSection(SolutionProperties) = preSolution
		HideSolutionNode = FALSE
	EndGlobalSection
EndGlobal
